// !$*UTF8*$!
{
	archiveVersion = 1;
	classes = {
	};
	objectVersion = 77;
	objects = {

/* Begin PBXContainerItemProxy section */
		BF2A9D082FCB27CA0053E225 /* PBXContainerItemProxy */ = {
			isa = PBXContainerItemProxy;
			containerPortal = BF2A9CF22FCB27C90053E225 /* Project object */;
			proxyType = 1;
			remoteGlobalIDString = BF2A9CF92FCB27C90053E225;
			remoteInfo = CurrencyTracker;
		};
		BF2A9D122FCB27CA0053E225 /* PBXContainerItemProxy */ = {
			isa = PBXContainerItemProxy;
			containerPortal = BF2A9CF22FCB27C90053E225 /* Project object */;
			proxyType = 1;
			remoteGlobalIDString = BF2A9CF92FCB27C90053E225;
			remoteInfo = CurrencyTracker;
		};
/* End PBXContainerItemProxy section */

/* Begin PBXFileReference section */
		BF2A9CFA2FCB27C90053E225 /* CurrencyTracker.app */ = {isa = PBXFileReference; explicitFileType = wrapper.application; includeInIndex = 0; path = CurrencyTracker.app; sourceTree = BUILT_PRODUCTS_DIR; };
		BF2A9D072FCB27CA0053E225 /* CurrencyTrackerTests.xctest */ = {isa = PBXFileReference; explicitFileType = wrapper.cfbundle; includeInIndex = 0; path = CurrencyTrackerTests.xctest; sourceTree = BUILT_PRODUCTS_DIR; };
		BF2A9D112FCB27CA0053E225 /* CurrencyTrackerUITests.xctest */ = {isa = PBXFileReference; explicitFileType = wrapper.cfbundle; includeInIndex = 0; path = CurrencyTrackerUITests.xctest; sourceTree = BUILT_PRODUCTS_DIR; };
/* End PBXFileReference section */

/* Begin PBXFileSystemSynchronizedRootGroup section */
		BF2A9CFC2FCB27C90053E225 /* CurrencyTracker */ = {
			isa = PBXFileSystemSynchronizedRootGroup;
			path = CurrencyTracker;
			sourceTree = "<group>";
		};
		BF2A9D0A2FCB27CA0053E225 /* CurrencyTrackerTests */ = {
			isa = PBXFileSystemSynchronizedRootGroup;
			path = CurrencyTrackerTests;
			sourceTree = "<group>";
		};
		BF2A9D142FCB27CA0053E225 /* CurrencyTrackerUITests */ = {
			isa = PBXFileSystemSynchronizedRootGroup;
			path = CurrencyTrackerUITests;
			sourceTree = "<group>";
		};
/* End PBXFileSystemSynchronizedRootGroup section */

/* Begin PBXFrameworksBuildPhase section */
		BF2A9CF72FCB27C90053E225 /* Frameworks */ = {
			isa = PBXFrameworksBuildPhase;
			buildActionMask = 2147483647;
			files = (
			);
			runOnlyForDeploymentPostprocessing = 0;
		};
		BF2A9D042FCB27CA0053E225 /* Frameworks */ = {
			isa = PBXFrameworksBuildPhase;
			buildActionMask = 2147483647;
			files = (
			);
			runOnlyForDeploymentPostprocessing = 0;
		};
		BF2A9D0E2FCB27CA0053E225 /* Frameworks */ = {
			isa = PBXFrameworksBuildPhase;
			buildActionMask = 2147483647;
			files = (
			);
			runOnlyForDeploymentPostprocessing = 0;
		};
/* End PBXFrameworksBuildPhase section */

/* Begin PBXGroup section */
		BF2A9CF12FCB27C90053E225 = {
			isa = PBXGroup;
			children = (
				BF2A9CFC2FCB27C90053E225 /* CurrencyTracker */,
				BF2A9D0A2FCB27CA0053E225 /* CurrencyTrackerTests */,
				BF2A9D142FCB27CA0053E225 /* CurrencyTrackerUITests */,
				BF2A9CFB2FCB27C90053E225 /* Products */,
			);
			sourceTree = "<group>";
		};
		BF2A9CFB2FCB27C90053E225 /* Products */ = {
			isa = PBXGroup;
			children = (
				BF2A9CFA2FCB27C90053E225 /* CurrencyTracker.app */,
				BF2A9D072FCB27CA0053E225 /* CurrencyTrackerTests.xctest */,
				BF2A9D112FCB27CA0053E225 /* CurrencyTrackerUITests.xctest */,
			);
			name = Products;
			sourceTree = "<group>";
		};
/* End PBXGroup section */

/* Begin PBXNativeTarget section */
		BF2A9CF92FCB27C90053E225 /* CurrencyTracker */ = {
			isa = PBXNativeTarget;
			buildConfigurationList = BF2A9D1B2FCB27CA0053E225 /* Build configuration list for PBXNativeTarget "CurrencyTracker" */;
			buildPhases = (
				BF2A9CF62FCB27C90053E225 /* Sources */,
				BF2A9CF72FCB27C90053E225 /* Frameworks */,
				BF2A9CF82FCB27C90053E225 /* Resources */,
			);
			buildRules = (
			);
			dependencies = (
			);
			fileSystemSynchronizedGroups = (
				BF2A9CFC2FCB27C90053E225 /* CurrencyTracker */,
			);
			name = CurrencyTracker;
			packageProductDependencies = (
			);
			productName = CurrencyTracker;
			productReference = BF2A9CFA2FCB27C90053E225 /* CurrencyTracker.app */;
			productType = "com.apple.product-type.application";
		};
		BF2A9D062FCB27CA0053E225 /* CurrencyTrackerTests */ = {
			isa = PBXNativeTarget;
			buildConfigurationList = BF2A9D1E2FCB27CA0053E225 /* Build configuration list for PBXNativeTarget "CurrencyTrackerTests" */;
			buildPhases = (
				BF2A9D032FCB27CA0053E225 /* Sources */,
				BF2A9D042FCB27CA0053E225 /* Frameworks */,
				BF2A9D052FCB27CA0053E225 /* Resources */,
			);
			buildRules = (
			);
			dependencies = (
				BF2A9D092FCB27CA0053E225 /* PBXTargetDependency */,
			);
			fileSystemSynchronizedGroups = (
				BF2A9D0A2FCB27CA0053E225 /* CurrencyTrackerTests */,
			);
			name = CurrencyTrackerTests;
			packageProductDependencies = (
			);
			productName = CurrencyTrackerTests;
			productReference = BF2A9D072FCB27CA0053E225 /* CurrencyTrackerTests.xctest */;
			productType = "com.apple.product-type.bundle.unit-test";
		};
		BF2A9D102FCB27CA0053E225 /* CurrencyTrackerUITests */ = {
			isa = PBXNativeTarget;
			buildConfigurationList = BF2A9D212FCB27CA0053E225 /* Build configuration list for PBXNativeTarget "CurrencyTrackerUITests" */;
			buildPhases = (
				BF2A9D0D2FCB27CA0053E225 /* Sources */,
				BF2A9D0E2FCB27CA0053E225 /* Frameworks */,
				BF2A9D0F2FCB27CA0053E225 /* Resources */,
			);
			buildRules = (
			);
			dependencies = (
				BF2A9D132FCB27CA0053E225 /* PBXTargetDependency */,
			);
			fileSystemSynchronizedGroups = (
				BF2A9D142FCB27CA0053E225 /* CurrencyTrackerUITests */,
			);
			name = CurrencyTrackerUITests;
			packageProductDependencies = (
			);
			productName = CurrencyTrackerUITests;
			productReference = BF2A9D112FCB27CA0053E225 /* CurrencyTrackerUITests.xctest */;
			productType = "com.apple.product-type.bundle.ui-testing";
		};
/* End PBXNativeTarget section */

/* Begin PBXProject section */
		BF2A9CF22FCB27C90053E225 /* Project object */ = {
			isa = PBXProject;
			attributes = {
				BuildIndependentTargetsInParallel = 1;
				LastSwiftUpdateCheck = 2600;
				LastUpgradeCheck = 2600;
				TargetAttributes = {
					BF2A9CF92FCB27C90053E225 = {
						CreatedOnToolsVersion = 26.0.1;
					};
					BF2A9D062FCB27CA0053E225 = {
						CreatedOnToolsVersion = 26.0.1;
						TestTargetID = BF2A9CF92FCB27C90053E225;
					};
					BF2A9D102FCB27CA0053E225 = {
						CreatedOnToolsVersion = 26.0.1;
						TestTargetID = BF2A9CF92FCB27C90053E225;
					};
				};
			};
			buildConfigurationList = BF2A9CF52FCB27C90053E225 /* Build configuration list for PBXProject "CurrencyTracker" */;
			developmentRegion = en;
			hasScannedForEncodings = 0;
			knownRegions = (
				en,
				Base,
			);
			mainGroup = BF2A9CF12FCB27C90053E225;
			minimizedProjectReferenceProxies = 1;
			preferredProjectObjectVersion = 77;
			productRefGroup = BF2A9CFB2FCB27C90053E225 /* Products */;
			projectDirPath = "";
			projectRoot = "";
			targets = (
				BF2A9CF92FCB27C90053E225 /* CurrencyTracker */,
				BF2A9D062FCB27CA0053E225 /* CurrencyTrackerTests */,
				BF2A9D102FCB27CA0053E225 /* CurrencyTrackerUITests */,
			);
		};
/* End PBXProject section */

/* Begin PBXResourcesBuildPhase section */
		BF2A9CF82FCB27C90053E225 /* Resources */ = {
			isa = PBXResourcesBuildPhase;
			buildActionMask = 2147483647;
			files = (
			);
			runOnlyForDeploymentPostprocessing = 0;
		};
		BF2A9D052FCB27CA0053E225 /* Resources */ = {
			isa = PBXResourcesBuildPhase;
			buildActionMask = 2147483647;
			files = (
			);
			runOnlyForDeploymentPostprocessing = 0;
		};
		BF2A9D0F2FCB27CA0053E225 /* Resources */ = {
			isa = PBXResourcesBuildPhase;
			buildActionMask = 2147483647;
			files = (
			);
			runOnlyForDeploymentPostprocessing = 0;
		};
/* End PBXResourcesBuildPhase section */

/* Begin PBXSourcesBuildPhase section */
		BF2A9CF62FCB27C90053E225 /* Sources */ = {
			isa = PBXSourcesBuildPhase;
			buildActionMask = 2147483647;
			files = (
			);
			runOnlyForDeploymentPostprocessing = 0;
		};
		BF2A9D032FCB27CA0053E225 /* Sources */ = {
			isa = PBXSourcesBuildPhase;
			buildActionMask = 2147483647;
			files = (
			);
			runOnlyForDeploymentPostprocessing = 0;
		};
		BF2A9D0D2FCB27CA0053E225 /* Sources */ = {
			isa = PBXSourcesBuildPhase;
			buildActionMask = 2147483647;
			files = (
			);
			runOnlyForDeploymentPostprocessing = 0;
		};
/* End PBXSourcesBuildPhase section */

/* Begin PBXTargetDependency section */
		BF2A9D092FCB27CA0053E225 /* PBXTargetDependency */ = {
			isa = PBXTargetDependency;
			target = BF2A9CF92FCB27C90053E225 /* CurrencyTracker */;
			targetProxy = BF2A9D082FCB27CA0053E225 /* PBXContainerItemProxy */;
		};
		BF2A9D132FCB27CA0053E225 /* PBXTargetDependency */ = {
			isa = PBXTargetDependency;
			target = BF2A9CF92FCB27C90053E225 /* CurrencyTracker */;
			targetProxy = BF2A9D122FCB27CA0053E225 /* PBXContainerItemProxy */;
		};
/* End PBXTargetDependency section */

/* Begin XCBuildConfiguration section */
		BF2A9D192FCB27CA0053E225 /* Debug */ = {
			isa = XCBuildConfiguration;
			buildSettings = {
				ALWAYS_SEARCH_USER_PATHS = NO;
				ASSETCATALOG_COMPILER_GENERATE_SWIFT_ASSET_SYMBOL_EXTENSIONS = YES;
				CLANG_ANALYZER_NONNULL = YES;
				CLANG_ANALYZER_NUMBER_OBJECT_CONVERSION = YES_AGGRESSIVE;
				CLANG_CXX_LANGUAGE_STANDARD = "gnu++20";
				CLANG_ENABLE_MODULES = YES;
				CLANG_ENABLE_OBJC_ARC = YES;
				CLANG_ENABLE_OBJC_WEAK = YES;
				CLANG_WARN_BLOCK_CAPTURE_AUTORELEASING = YES;
				CLANG_WARN_BOOL_CONVERSION = YES;
				CLANG_WARN_COMMA = YES;
				CLANG_WARN_CONSTANT_CONVERSION = YES;
				CLANG_WARN_DEPRECATED_OBJC_IMPLEMENTATIONS = YES;
				CLANG_WARN_DIRECT_OBJC_ISA_USAGE = YES_ERROR;
				CLANG_WARN_DOCUMENTATION_COMMENTS = YES;
				CLANG_WARN_EMPTY_BODY = YES;
				CLANG_WARN_ENUM_CONVERSION = YES;
				CLANG_WARN_INFINITE_RECURSION = YES;
				CLANG_WARN_INT_CONVERSION = YES;
				CLANG_WARN_NON_LITERAL_NULL_CONVERSION = YES;
				CLANG_WARN_OBJC_IMPLICIT_RETAIN_SELF = YES;
				CLANG_WARN_OBJC_LITERAL_CONVERSION = YES;
				CLANG_WARN_OBJC_ROOT_CLASS = YES_ERROR;
				CLANG_WARN_QUOTED_INCLUDE_IN_FRAMEWORK_HEADER = YES;
				CLANG_WARN_RANGE_LOOP_ANALYSIS = YES;
				CLANG_WARN_STRICT_PROTOTYPES = YES;
				CLANG_WARN_SUSPICIOUS_MOVE = YES;
				CLANG_WARN_UNGUARDED_AVAILABILITY = YES_AGGRESSIVE;
				CLANG_WARN_UNREACHABLE_CODE = YES;
				CLANG_WARN__DUPLICATE_METHOD_MATCH = YES;
				COPY_PHASE_STRIP = NO;
				DEBUG_INFORMATION_FORMAT = dwarf;
				DEVELOPMENT_TEAM = X43SX2U9BV;
				ENABLE_STRICT_OBJC_MSGSEND = YES;
				ENABLE_TESTABILITY = YES;
				ENABLE_USER_SCRIPT_SANDBOXING = YES;
				GCC_C_LANGUAGE_STANDARD = gnu17;
				GCC_DYNAMIC_NO_PIC = NO;
				GCC_NO_COMMON_BLOCKS = YES;
				GCC_OPTIMIZATION_LEVEL = 0;
				GCC_PREPROCESSOR_DEFINITIONS = (
					"DEBUG=1",
					"$(inherited)",
				);
				GCC_WARN_64_TO_32_BIT_CONVERSION = YES;
				GCC_WARN_ABOUT_RETURN_TYPE = YES_ERROR;
				GCC_WARN_UNDECLARED_SELECTOR = YES;
				GCC_WARN_UNINITIALIZED_AUTOS = YES_AGGRESSIVE;
				GCC_WARN_UNUSED_FUNCTION = YES;
				GCC_WARN_UNUSED_VARIABLE = YES;
				IPHONEOS_DEPLOYMENT_TARGET = 26.0;
				LOCALIZATION_PREFERS_STRING_CATALOGS = YES;
				MTL_ENABLE_DEBUG_INFO = INCLUDE_SOURCE;
				MTL_FAST_MATH = YES;
				ONLY_ACTIVE_ARCH = YES;
				SDKROOT = iphoneos;
				SWIFT_ACTIVE_COMPILATION_CONDITIONS = "DEBUG $(inherited)";
				SWIFT_OPTIMIZATION_LEVEL = "-Onone";
			};
			name = Debug;
		};
		BF2A9D1A2FCB27CA0053E225 /* Release */ = {
			isa = XCBuildConfiguration;
			buildSettings = {
				ALWAYS_SEARCH_USER_PATHS = NO;
				ASSETCATALOG_COMPILER_GENERATE_SWIFT_ASSET_SYMBOL_EXTENSIONS = YES;
				CLANG_ANALYZER_NONNULL = YES;
				CLANG_ANALYZER_NUMBER_OBJECT_CONVERSION = YES_AGGRESSIVE;
				CLANG_CXX_LANGUAGE_STANDARD = "gnu++20";
				CLANG_ENABLE_MODULES = YES;
				CLANG_ENABLE_OBJC_ARC = YES;
				CLANG_ENABLE_OBJC_WEAK = YES;
				CLANG_WARN_BLOCK_CAPTURE_AUTORELEASING = YES;
				CLANG_WARN_BOOL_CONVERSION = YES;
				CLANG_WARN_COMMA = YES;
				CLANG_WARN_CONSTANT_CONVERSION = YES;
				CLANG_WARN_DEPRECATED_OBJC_IMPLEMENTATIONS = YES;
				CLANG_WARN_DIRECT_OBJC_ISA_USAGE = YES_ERROR;
				CLANG_WARN_DOCUMENTATION_COMMENTS = YES;
				CLANG_WARN_EMPTY_BODY = YES;
				CLANG_WARN_ENUM_CONVERSION = YES;
				CLANG_WARN_INFINITE_RECURSION = YES;
				CLANG_WARN_INT_CONVERSION = YES;
				CLANG_WARN_NON_LITERAL_NULL_CONVERSION = YES;
				CLANG_WARN_OBJC_IMPLICIT_RETAIN_SELF = YES;
				CLANG_WARN_OBJC_LITERAL_CONVERSION = YES;
				CLANG_WARN_OBJC_ROOT_CLASS = YES_ERROR;
				CLANG_WARN_QUOTED_INCLUDE_IN_FRAMEWORK_HEADER = YES;
				CLANG_WARN_RANGE_LOOP_ANALYSIS = YES;
				CLANG_WARN_STRICT_PROTOTYPES = YES;
				CLANG_WARN_SUSPICIOUS_MOVE = YES;
				CLANG_WARN_UNGUARDED_AVAILABILITY = YES_AGGRESSIVE;
				CLANG_WARN_UNREACHABLE_CODE = YES;
				CLANG_WARN__DUPLICATE_METHOD_MATCH = YES;
				COPY_PHASE_STRIP = NO;
				DEBUG_INFORMATION_FORMAT = "dwarf-with-dsym";
				DEVELOPMENT_TEAM = X43SX2U9BV;
				ENABLE_NS_ASSERTIONS = NO;
				ENABLE_STRICT_OBJC_MSGSEND = YES;
				ENABLE_USER_SCRIPT_SANDBOXING = YES;
				GCC_C_LANGUAGE_STANDARD = gnu17;
				GCC_NO_COMMON_BLOCKS = YES;
				GCC_WARN_64_TO_32_BIT_CONVERSION = YES;
				GCC_WARN_ABOUT_RETURN_TYPE = YES_ERROR;
				GCC_WARN_UNDECLARED_SELECTOR = YES;
				GCC_WARN_UNINITIALIZED_AUTOS = YES_AGGRESSIVE;
				GCC_WARN_UNUSED_FUNCTION = YES;
				GCC_WARN_UNUSED_VARIABLE = YES;
				IPHONEOS_DEPLOYMENT_TARGET = 26.0;
				LOCALIZATION_PREFERS_STRING_CATALOGS = YES;
				MTL_ENABLE_DEBUG_INFO = NO;
				MTL_FAST_MATH = YES;
				SDKROOT = iphoneos;
				SWIFT_COMPILATION_MODE = wholemodule;
				VALIDATE_PRODUCT = YES;
			};
			name = Release;
		};
		BF2A9D1C2FCB27CA0053E225 /* Debug */ = {
			isa = XCBuildConfiguration;
			buildSettings = {
				ASSETCATALOG_COMPILER_APPICON_NAME = AppIcon;
				ASSETCATALOG_COMPILER_GLOBAL_ACCENT_COLOR_NAME = AccentColor;
				CODE_SIGN_STYLE = Automatic;
				CURRENT_PROJECT_VERSION = 1;
				DEVELOPMENT_TEAM = X43SX2U9BV;
				ENABLE_PREVIEWS = YES;
				GENERATE_INFOPLIST_FILE = YES;
				INFOPLIST_KEY_UIApplicationSceneManifest_Generation = YES;
				INFOPLIST_KEY_UIApplicationSupportsIndirectInputEvents = YES;
				INFOPLIST_KEY_UILaunchScreen_Generation = YES;
				INFOPLIST_KEY_UISupportedInterfaceOrientations_iPad = "UIInterfaceOrientationPortrait UIInterfaceOrientationPortraitUpsideDown UIInterfaceOrientationLandscapeLeft UIInterfaceOrientationLandscapeRight";
				INFOPLIST_KEY_UISupportedInterfaceOrientations_iPhone = "UIInterfaceOrientationPortrait UIInterfaceOrientationLandscapeLeft UIInterfaceOrientationLandscapeRight";
				LD_RUNPATH_SEARCH_PATHS = (
					"$(inherited)",
					"@executable_path/Frameworks",
				);
				MARKETING_VERSION = 1.0;
				PRODUCT_BUNDLE_IDENTIFIER = LaMaksStudio.CurrencyTracker;
				PRODUCT_NAME = "$(TARGET_NAME)";
				STRING_CATALOG_GENERATE_SYMBOLS = YES;
				SWIFT_APPROACHABLE_CONCURRENCY = YES;
				SWIFT_DEFAULT_ACTOR_ISOLATION = MainActor;
				SWIFT_EMIT_LOC_STRINGS = YES;
				SWIFT_UPCOMING_FEATURE_MEMBER_IMPORT_VISIBILITY = YES;
				SWIFT_VERSION = 5.0;
				TARGETED_DEVICE_FAMILY = "1,2";
			};
			name = Debug;
		};
		BF2A9D1D2FCB27CA0053E225 /* Release */ = {
			isa = XCBuildConfiguration;
			buildSettings = {
				ASSETCATALOG_COMPILER_APPICON_NAME = AppIcon;
				ASSETCATALOG_COMPILER_GLOBAL_ACCENT_COLOR_NAME = AccentColor;
				CODE_SIGN_STYLE = Automatic;
				CURRENT_PROJECT_VERSION = 1;
				DEVELOPMENT_TEAM = X43SX2U9BV;
				ENABLE_PREVIEWS = YES;
				GENERATE_INFOPLIST_FILE = YES;
				INFOPLIST_KEY_UIApplicationSceneManifest_Generation = YES;
				INFOPLIST_KEY_UIApplicationSupportsIndirectInputEvents = YES;
				INFOPLIST_KEY_UILaunchScreen_Generation = YES;
				INFOPLIST_KEY_UISupportedInterfaceOrientations_iPad = "UIInterfaceOrientationPortrait UIInterfaceOrientationPortraitUpsideDown UIInterfaceOrientationLandscapeLeft UIInterfaceOrientationLandscapeRight";
				INFOPLIST_KEY_UISupportedInterfaceOrientations_iPhone = "UIInterfaceOrientationPortrait UIInterfaceOrientationLandscapeLeft UIInterfaceOrientationLandscapeRight";
				LD_RUNPATH_SEARCH_PATHS = (
					"$(inherited)",
					"@executable_path/Frameworks",
				);
				MARKETING_VERSION = 1.0;
				PRODUCT_BUNDLE_IDENTIFIER = LaMaksStudio.CurrencyTracker;
				PRODUCT_NAME = "$(TARGET_NAME)";
				STRING_CATALOG_GENERATE_SYMBOLS = YES;
				SWIFT_APPROACHABLE_CONCURRENCY = YES;
				SWIFT_DEFAULT_ACTOR_ISOLATION = MainActor;
				SWIFT_EMIT_LOC_STRINGS = YES;
				SWIFT_UPCOMING_FEATURE_MEMBER_IMPORT_VISIBILITY = YES;
				SWIFT_VERSION = 5.0;
				TARGETED_DEVICE_FAMILY = "1,2";
			};
			name = Release;
		};
		BF2A9D1F2FCB27CA0053E225 /* Debug */ = {
			isa = XCBuildConfiguration;
			buildSettings = {
				BUNDLE_LOADER = "$(TEST_HOST)";
				CODE_SIGN_STYLE = Automatic;
				CURRENT_PROJECT_VERSION = 1;
				DEVELOPMENT_TEAM = X43SX2U9BV;
				GENERATE_INFOPLIST_FILE = YES;
				IPHONEOS_DEPLOYMENT_TARGET = 26.0;
				MARKETING_VERSION = 1.0;
				PRODUCT_BUNDLE_IDENTIFIER = LaMaksStudio.CurrencyTrackerTests;
				PRODUCT_NAME = "$(TARGET_NAME)";
				STRING_CATALOG_GENERATE_SYMBOLS = NO;
				SWIFT_APPROACHABLE_CONCURRENCY = YES;
				SWIFT_EMIT_LOC_STRINGS = NO;
				SWIFT_UPCOMING_FEATURE_MEMBER_IMPORT_VISIBILITY = YES;
				SWIFT_VERSION = 5.0;
				TARGETED_DEVICE_FAMILY = "1,2";
				TEST_HOST = "$(BUILT_PRODUCTS_DIR)/CurrencyTracker.app/$(BUNDLE_EXECUTABLE_FOLDER_PATH)/CurrencyTracker";
			};
			name = Debug;
		};
		BF2A9D202FCB27CA0053E225 /* Release */ = {
			isa = XCBuildConfiguration;
			buildSettings = {
				BUNDLE_LOADER = "$(TEST_HOST)";
				CODE_SIGN_STYLE = Automatic;
				CURRENT_PROJECT_VERSION = 1;
				DEVELOPMENT_TEAM = X43SX2U9BV;
				GENERATE_INFOPLIST_FILE = YES;
				IPHONEOS_DEPLOYMENT_TARGET = 26.0;
				MARKETING_VERSION = 1.0;
				PRODUCT_BUNDLE_IDENTIFIER = LaMaksStudio.CurrencyTrackerTests;
				PRODUCT_NAME = "$(TARGET_NAME)";
				STRING_CATALOG_GENERATE_SYMBOLS = NO;
				SWIFT_APPROACHABLE_CONCURRENCY = YES;
				SWIFT_EMIT_LOC_STRINGS = NO;
				SWIFT_UPCOMING_FEATURE_MEMBER_IMPORT_VISIBILITY = YES;
				SWIFT_VERSION = 5.0;
				TARGETED_DEVICE_FAMILY = "1,2";
				TEST_HOST = "$(BUILT_PRODUCTS_DIR)/CurrencyTracker.app/$(BUNDLE_EXECUTABLE_FOLDER_PATH)/CurrencyTracker";
			};
			name = Release;
		};
		BF2A9D222FCB27CA0053E225 /* Debug */ = {
			isa = XCBuildConfiguration;
			buildSettings = {
				CODE_SIGN_STYLE = Automatic;
				CURRENT_PROJECT_VERSION = 1;
				DEVELOPMENT_TEAM = X43SX2U9BV;
				GENERATE_INFOPLIST_FILE = YES;
				MARKETING_VERSION = 1.0;
				PRODUCT_BUNDLE_IDENTIFIER = LaMaksStudio.CurrencyTrackerUITests;
				PRODUCT_NAME = "$(TARGET_NAME)";
				STRING_CATALOG_GENERATE_SYMBOLS = NO;
				SWIFT_APPROACHABLE_CONCURRENCY = YES;
				SWIFT_EMIT_LOC_STRINGS = NO;
				SWIFT_UPCOMING_FEATURE_MEMBER_IMPORT_VISIBILITY = YES;
				SWIFT_VERSION = 5.0;
				TARGETED_DEVICE_FAMILY = "1,2";
				TEST_TARGET_NAME = CurrencyTracker;
			};
			name = Debug;
		};
		BF2A9D232FCB27CA0053E225 /* Release */ = {
			isa = XCBuildConfiguration;
			buildSettings = {
				CODE_SIGN_STYLE = Automatic;
				CURRENT_PROJECT_VERSION = 1;
				DEVELOPMENT_TEAM = X43SX2U9BV;
				GENERATE_INFOPLIST_FILE = YES;
				MARKETING_VERSION = 1.0;
				PRODUCT_BUNDLE_IDENTIFIER = LaMaksStudio.CurrencyTrackerUITests;
				PRODUCT_NAME = "$(TARGET_NAME)";
				STRING_CATALOG_GENERATE_SYMBOLS = NO;
				SWIFT_APPROACHABLE_CONCURRENCY = YES;
				SWIFT_EMIT_LOC_STRINGS = NO;
				SWIFT_UPCOMING_FEATURE_MEMBER_IMPORT_VISIBILITY = YES;
				SWIFT_VERSION = 5.0;
				TARGETED_DEVICE_FAMILY = "1,2";
				TEST_TARGET_NAME = CurrencyTracker;
			};
			name = Release;
		};
/* End XCBuildConfiguration section */

/* Begin XCConfigurationList section */
		BF2A9CF52FCB27C90053E225 /* Build configuration list for PBXProject "CurrencyTracker" */ = {
			isa = XCConfigurationList;
			buildConfigurations = (
				BF2A9D192FCB27CA0053E225 /* Debug */,
				BF2A9D1A2FCB27CA0053E225 /* Release */,
			);
			defaultConfigurationIsVisible = 0;
			defaultConfigurationName = Release;
		};
		BF2A9D1B2FCB27CA0053E225 /* Build configuration list for PBXNativeTarget "CurrencyTracker" */ = {
			isa = XCConfigurationList;
			buildConfigurations = (
				BF2A9D1C2FCB27CA0053E225 /* Debug */,
				BF2A9D1D2FCB27CA0053E225 /* Release */,
			);
			defaultConfigurationIsVisible = 0;
			defaultConfigurationName = Release;
		};
		BF2A9D1E2FCB27CA0053E225 /* Build configuration list for PBXNativeTarget "CurrencyTrackerTests" */ = {
			isa = XCConfigurationList;
			buildConfigurations = (
				BF2A9D1F2FCB27CA0053E225 /* Debug */,
				BF2A9D202FCB27CA0053E225 /* Release */,
			);
			defaultConfigurationIsVisible = 0;
			defaultConfigurationName = Release;
		};
		BF2A9D212FCB27CA0053E225 /* Build configuration list for PBXNativeTarget "CurrencyTrackerUITests" */ = {
			isa = XCConfigurationList;
			buildConfigurations = (
				BF2A9D222FCB27CA0053E225 /* Debug */,
				BF2A9D232FCB27CA0053E225 /* Release */,
			);
			defaultConfigurationIsVisible = 0;
			defaultConfigurationName = Release;
		};
/* End XCConfigurationList section */
	};
	rootObject = BF2A9CF22FCB27C90053E225 /* Project object */;
}
